
Microsoft Visual Studio Solution File, Format Version 12.00
# Visual Studio Version 16
VisualStudioVersion = 16.0.30523.141
MinimumVisualStudioVersion = 10.0.40219.1
Project("{888888A0-9F3D-457C-B088-3A5042F75D52}") = "crypto_calc", "crypto_calc\crypto_calc.pyproj", "{7C2B25BA-624C-42BE-B1BC-A55295BE098E}"
EndProject
Global
	GlobalSection(SolutionConfigurationPlatforms) = preSolution
		Debug|Any CPU = Debug|Any CPU
		Release|Any CPU = Release|Any CPU
	EndGlobalSection
	GlobalSection(ProjectConfigurationPlatforms) = postSolution
		{7C2B25BA-624C-42BE-B1BC-A55295BE098E}.Debug|Any CPU.ActiveCfg = Debug|Any CPU
		{7C2B25BA-624C-42BE-B1BC-A55295BE098E}.Release|Any CPU.ActiveCfg = Release|Any CPU
	EndGlobalSection
	GlobalSection(SolutionProperties) = preSolution
		HideSolutionNode = FALSE
	EndGlobalSection
	GlobalSection(ExtensibilityGlobals) = postSolution
		SolutionGuid = {AE6FF887-A44C-4F97-B62F-DD1387D4C141}
	EndGlobalSection
EndGlobal
